// !$*UTF8*$!
{
	archiveVersion = 1;
	classes = {
	};
	objectVersion = 46;
	objects = {

/* Begin PBXBuildFile section */
		AE8787DC1E75311200559905 /* CHTAlertView.m in Sources */ = {isa = PBXBuildFile; fileRef = AE8787DB1E75311200559905 /* CHTAlertView.m */; };
		AEB83AD01E73A1CD00A74A76 /* main.m in Sources */ = {isa = PBXBuildFile; fileRef = AEB83ACF1E73A1CD00A74A76 /* main.m */; };
		AEB83AD31E73A1CD00A74A76 /* AppDelegate.m in Sources */ = {isa = PBXBuildFile; fileRef = AEB83AD21E73A1CD00A74A76 /* AppDelegate.m */; };
		AEB83AD61E73A1CD00A74A76 /* ViewController.m in Sources */ = {isa = PBXBuildFile; fileRef = AEB83AD51E73A1CD00A74A76 /* ViewController.m */; };
		AEB83AD91E73A1CD00A74A76 /* Main.storyboard in Resources */ = {isa = PBXBuildFile; fileRef = AEB83AD71E73A1CD00A74A76 /* Main.storyboard */; };
		AEB83ADB1E73A1CD00A74A76 /* Assets.xcassets in Resources */ = {isa = PBXBuildFile; fileRef = AEB83ADA1E73A1CD00A74A76 /* Assets.xcassets */; };
		AEB83ADE1E73A1CD00A74A76 /* LaunchScreen.storyboard in Resources */ = {isa = PBXBuildFile; fileRef = AEB83ADC1E73A1CD00A74A76 /* LaunchScreen.storyboard */; };
/* End PBXBuildFile section */

/* Begin PBXFileReference section */
		AE8787DA1E75311200559905 /* CHTAlertView.h */ = {isa = PBXFileReference; fileEncoding = 4; lastKnownFileType = sourcecode.c.h; path = CHTAlertView.h; sourceTree = "<group>"; };
		AE8787DB1E75311200559905 /* CHTAlertView.m */ = {isa = PBXFileReference; fileEncoding = 4; lastKnownFileType = sourcecode.c.objc; path = CHTAlertView.m; sourceTree = "<group>"; };
		AEB83ACB1E73A1CD00A74A76 /* CHTAlertViewDemo.app */ = {isa = PBXFileReference; explicitFileType = wrapper.application; includeInIndex = 0; path = CHTAlertViewDemo.app; sourceTree = BUILT_PRODUCTS_DIR; };
		AEB83ACF1E73A1CD00A74A76 /* main.m */ = {isa = PBXFileReference; lastKnownFileType = sourcecode.c.objc; path = main.m; sourceTree = "<group>"; };
		AEB83AD11E73A1CD00A74A76 /* AppDelegate.h */ = {isa = PBXFileReference; lastKnownFileType = sourcecode.c.h; path = AppDelegate.h; sourceTree = "<group>"; };
		AEB83AD21E73A1CD00A74A76 /* AppDelegate.m */ = {isa = PBXFileReference; lastKnownFileType = sourcecode.c.objc; path = AppDelegate.m; sourceTree = "<group>"; };
		AEB83AD41E73A1CD00A74A76 /* ViewController.h */ = {isa = PBXFileReference; lastKnownFileType = sourcecode.c.h; path = ViewController.h; sourceTree = "<group>"; };
		AEB83AD51E73A1CD00A74A76 /* ViewController.m */ = {isa = PBXFileReference; lastKnownFileType = sourcecode.c.objc; path = ViewController.m; sourceTree = "<group>"; };
		AEB83AD81E73A1CD00A74A76 /* Base */ = {isa = PBXFileReference; lastKnownFileType = file.storyboard; name = Base; path = Base.lproj/Main.storyboard; sourceTree = "<group>"; };
		AEB83ADA1E73A1CD00A74A76 /* Assets.xcassets */ = {isa = PBXFileReference; lastKnownFileType = folder.assetcatalog; path = Assets.xcassets; sourceTree = "<group>"; };
		AEB83ADD1E73A1CD00A74A76 /* Base */ = {isa = PBXFileReference; lastKnownFileType = file.storyboard; name = Base; path = Base.lproj/LaunchScreen.storyboard; sourceTree = "<group>"; };
		AEB83ADF1E73A1CD00A74A76 /* Info.plist */ = {isa = PBXFileReference; lastKnownFileType = text.plist.xml; path = Info.plist; sourceTree = "<group>"; };
/* End PBXFileReference section */

/* Begin PBXFrameworksBuildPhase section */
		AEB83AC81E73A1CD00A74A76 /* Frameworks */ = {
			isa = PBXFrameworksBuildPhase;
			buildActionMask = 2147483647;
			files = (
			);
			runOnlyForDeploymentPostprocessing = 0;
		};
/* End PBXFrameworksBuildPhase section */

/* Begin PBXGroup section */
		AE8787D91E75311200559905 /* CHTAlertView */ = {
			isa = PBXGroup;
			children = (
				AE8787DA1E75311200559905 /* CHTAlertView.h */,
				AE8787DB1E75311200559905 /* CHTAlertView.m */,
			);
			name = CHTAlertView;
			path = ../../CHTAlertView;
			sourceTree = "<group>";
		};
		AEB83AC21E73A1CD00A74A76 = {
			isa = PBXGroup;
			children = (
				AEB83ACD1E73A1CD00A74A76 /* CHTAlertViewDemo */,
				AEB83ACC1E73A1CD00A74A76 /* Products */,
			);
			sourceTree = "<group>";
		};
		AEB83ACC1E73A1CD00A74A76 /* Products */ = {
			isa = PBXGroup;
			children = (
				AEB83ACB1E73A1CD00A74A76 /* CHTAlertViewDemo.app */,
			);
			name = Products;
			sourceTree = "<group>";
		};
		AEB83ACD1E73A1CD00A74A76 /* CHTAlertViewDemo */ = {
			isa = PBXGroup;
			children = (
				AE8787D91E75311200559905 /* CHTAlertView */,
				AEB83AD11E73A1CD00A74A76 /* AppDelegate.h */,
				AEB83AD21E73A1CD00A74A76 /* AppDelegate.m */,
				AEB83AD41E73A1CD00A74A76 /* ViewController.h */,
				AEB83AD51E73A1CD00A74A76 /* ViewController.m */,
				AEB83AD71E73A1CD00A74A76 /* Main.storyboard */,
				AEB83ADA1E73A1CD00A74A76 /* Assets.xcassets */,
				AEB83ADC1E73A1CD00A74A76 /* LaunchScreen.storyboard */,
				AEB83ADF1E73A1CD00A74A76 /* Info.plist */,
				AEB83ACE1E73A1CD00A74A76 /* Supporting Files */,
			);
			path = CHTAlertViewDemo;
			sourceTree = "<group>";
		};
		AEB83ACE1E73A1CD00A74A76 /* Supporting Files */ = {
			isa = PBXGroup;
			children = (
				AEB83ACF1E73A1CD00A74A76 /* main.m */,
			);
			name = "Supporting Files";
			sourceTree = "<group>";
		};
/* End PBXGroup section */

/* Begin PBXNativeTarget section */
		AEB83ACA1E73A1CD00A74A76 /* CHTAlertViewDemo */ = {
			isa = PBXNativeTarget;
			buildConfigurationList = AEB83AE21E73A1CD00A74A76 /* Build configuration list for PBXNativeTarget "CHTAlertViewDemo" */;
			buildPhases = (
				AEB83AC71E73A1CD00A74A76 /* Sources */,
				AEB83AC81E73A1CD00A74A76 /* Frameworks */,
				AEB83AC91E73A1CD00A74A76 /* Resources */,
			);
			buildRules = (
			);
			dependencies = (
			);
			name = CHTAlertViewDemo;
			productName = CHTAlertViewDemo;
			productReference = AEB83ACB1E73A1CD00A74A76 /* CHTAlertViewDemo.app */;
			productType = "com.apple.product-type.application";
		};
/* End PBXNativeTarget section */

/* Begin PBXProject section */
		AEB83AC31E73A1CD00A74A76 /* Project object */ = {
			isa = PBXProject;
			attributes = {
				LastUpgradeCheck = 0800;
				ORGANIZATIONNAME = "Roy Chan";
				TargetAttributes = {
					AEB83ACA1E73A1CD00A74A76 = {
						CreatedOnToolsVersion = 8.0;
						ProvisioningStyle = Automatic;
					};
				};
			};
			buildConfigurationList = AEB83AC61E73A1CD00A74A76 /* Build configuration list for PBXProject "CHTAlertViewDemo" */;
			compatibilityVersion = "Xcode 3.2";
			developmentRegion = English;
			hasScannedForEncodings = 0;
			knownRegions = (
				en,
				Base,
			);
			mainGroup = AEB83AC21E73A1CD00A74A76;
			productRefGroup = AEB83ACC1E73A1CD00A74A76 /* Products */;
			projectDirPath = "";
			projectRoot = "";
			targets = (
				AEB83ACA1E73A1CD00A74A76 /* CHTAlertViewDemo */,
			);
		};
/* End PBXProject section */

/* Begin PBXResourcesBuildPhase section */
		AEB83AC91E73A1CD00A74A76 /* Resources */ = {
			isa = PBXResourcesBuildPhase;
			buildActionMask = 2147483647;
			files = (
				AEB83ADE1E73A1CD00A74A76 /* LaunchScreen.storyboard in Resources */,
				AEB83ADB1E73A1CD00A74A76 /* Assets.xcassets in Resources */,
				AEB83AD91E73A1CD00A74A76 /* Main.storyboard in Resources */,
			);
			runOnlyForDeploymentPostprocessing = 0;
		};
/* End PBXResourcesBuildPhase section */

/* Begin PBXSourcesBuildPhase section */
		AEB83AC71E73A1CD00A74A76 /* Sources */ = {
			isa = PBXSourcesBuildPhase;
			buildActionMask = 2147483647;
			files = (
				AEB83AD61E73A1CD00A74A76 /* ViewController.m in Sources */,
				AEB83AD31E73A1CD00A74A76 /* AppDelegate.m in Sources */,
				AEB83AD01E73A1CD00A74A76 /* main.m in Sources */,
				AE8787DC1E75311200559905 /* CHTAlertView.m in Sources */,
			);
			runOnlyForDeploymentPostprocessing = 0;
		};
/* End PBXSourcesBuildPhase section */

/* Begin PBXVariantGroup section */
		AEB83AD71E73A1CD00A74A76 /* Main.storyboard */ = {
			isa = PBXVariantGroup;
			children = (
				AEB83AD81E73A1CD00A74A76 /* Base */,
			);
			name = Main.storyboard;
			sourceTree = "<group>";
		};
		AEB83ADC1E73A1CD00A74A76 /* LaunchScreen.storyboard */ = {
			isa = PBXVariantGroup;
			children = (
				AEB83ADD1E73A1CD00A74A76 /* Base */,
			);
			name = LaunchScreen.storyboard;
			sourceTree = "<group>";
		};
/* End PBXVariantGroup section */

/* Begin XCBuildConfiguration section */
		AEB83AE01E73A1CD00A74A76 /* Debug */ = {
			isa = XCBuildConfiguration;
			buildSettings = {
				ALWAYS_SEARCH_USER_PATHS = NO;
				CLANG_ANALYZER_NONNULL = YES;
				CLANG_CXX_LANGUAGE_STANDARD = "gnu++0x";
				CLANG_CXX_LIBRARY = "libc++";
				CLANG_ENABLE_MODULES = YES;
				CLANG_ENABLE_OBJC_ARC = YES;
				CLANG_WARN_BOOL_CONVERSION = YES;
				CLANG_WARN_CONSTANT_CONVERSION = YES;
				CLANG_WARN_DIRECT_OBJC_ISA_USAGE = YES_ERROR;
				CLANG_WARN_DOCUMENTATION_COMMENTS = YES;
				CLANG_WARN_EMPTY_BODY = YES;
				CLANG_WARN_ENUM_CONVERSION = YES;
				CLANG_WARN_INFINITE_RECURSION = YES;
				CLANG_WARN_INT_CONVERSION = YES;
				CLANG_WARN_OBJC_ROOT_CLASS = YES_ERROR;
				CLANG_WARN_SUSPICIOUS_MOVES = YES;
				CLANG_WARN_UNREACHABLE_CODE = YES;
				CLANG_WARN__DUPLICATE_METHOD_MATCH = YES;
				"CODE_SIGN_IDENTITY[sdk=iphoneos*]" = "iPhone Developer";
				COPY_PHASE_STRIP = NO;
				DEBUG_INFORMATION_FORMAT = dwarf;
				ENABLE_STRICT_OBJC_MSGSEND = YES;
				ENABLE_TESTABILITY = YES;
				GCC_C_LANGUAGE_STANDARD = gnu99;
				GCC_DYNAMIC_NO_PIC = NO;
				GCC_NO_COMMON_BLOCKS = YES;
				GCC_OPTIMIZATION_LEVEL = 0;
				GCC_PREPROCESSOR_DEFINITIONS = (
					"DEBUG=1",
					"$(inherited)",
				);
				GCC_WARN_64_TO_32_BIT_CONVERSION = YES;
				GCC_WARN_ABOUT_RETURN_TYPE = YES_ERROR;
				GCC_WARN_UNDECLARED_SELECTOR = YES;
				GCC_WARN_UNINITIALIZED_AUTOS = YES_AGGRESSIVE;
				GCC_WARN_UNUSED_FUNCTION = YES;
				GCC_WARN_UNUSED_VARIABLE = YES;
				IPHONEOS_DEPLOYMENT_TARGET = 10.0;
				MTL_ENABLE_DEBUG_INFO = YES;
				ONLY_ACTIVE_ARCH = YES;
				SDKROOT = iphoneos;
			};
			name = Debug;
		};
		AEB83AE11E73A1CD00A74A76 /* Release */ = {
			isa = XCBuildConfiguration;
			buildSettings = {
				ALWAYS_SEARCH_USER_PATHS = NO;
				CLANG_ANALYZER_NONNULL = YES;
				CLANG_CXX_LANGUAGE_STANDARD = "gnu++0x";
				CLANG_CXX_LIBRARY = "libc++";
				CLANG_ENABLE_MODULES = YES;
				CLANG_ENABLE_OBJC_ARC = YES;
				CLANG_WARN_BOOL_CONVERSION = YES;
				CLANG_WARN_CONSTANT_CONVERSION = YES;
				CLANG_WARN_DIRECT_OBJC_ISA_USAGE = YES_ERROR;
				CLANG_WARN_DOCUMENTATION_COMMENTS = YES;
				CLANG_WARN_EMPTY_BODY = YES;
				CLANG_WARN_ENUM_CONVERSION = YES;
				CLANG_WARN_INFINITE_RECURSION = YES;
				CLANG_WARN_INT_CONVERSION = YES;
				CLANG_WARN_OBJC_ROOT_CLASS = YES_ERROR;
				CLANG_WARN_SUSPICIOUS_MOVES = YES;
				CLANG_WARN_UNREACHABLE_CODE = YES;
				CLANG_WARN__DUPLICATE_METHOD_MATCH = YES;
				"CODE_SIGN_IDENTITY[sdk=iphoneos*]" = "iPhone Developer";
				COPY_PHASE_STRIP = NO;
				DEBUG_INFORMATION_FORMAT = "dwarf-with-dsym";
				ENABLE_NS_ASSERTIONS = NO;
				ENABLE_STRICT_OBJC_MSGSEND = YES;
				GCC_C_LANGUAGE_STANDARD = gnu99;
				GCC_NO_COMMON_BLOCKS = YES;
				GCC_WARN_64_TO_32_BIT_CONVERSION = YES;
				GCC_WARN_ABOUT_RETURN_TYPE = YES_ERROR;
				GCC_WARN_UNDECLARED_SELECTOR = YES;
				GCC_WARN_UNINITIALIZED_AUTOS = YES_AGGRESSIVE;
				GCC_WARN_UNUSED_FUNCTION = YES;
				GCC_WARN_UNUSED_VARIABLE = YES;
				IPHONEOS_DEPLOYMENT_TARGET = 10.0;
				MTL_ENABLE_DEBUG_INFO = NO;
				SDKROOT = iphoneos;
				VALIDATE_PRODUCT = YES;
			};
			name = Release;
		};
		AEB83AE31E73A1CD00A74A76 /* Debug */ = {
			isa = XCBuildConfiguration;
			buildSettings = {
				ASSETCATALOG_COMPILER_APPICON_NAME = AppIcon;
				INFOPLIST_FILE = CHTAlertViewDemo/Info.plist;
				IPHONEOS_DEPLOYMENT_TARGET = 8.0;
				LD_RUNPATH_SEARCH_PATHS = "$(inherited) @executable_path/Frameworks";
				PRODUCT_BUNDLE_IDENTIFIER = cht.CHTAlertViewDemo;
				PRODUCT_NAME = "$(TARGET_NAME)";
			};
			name = Debug;
		};
		AEB83AE41E73A1CD00A74A76 /* Release */ = {
			isa = XCBuildConfiguration;
			buildSettings = {
				ASSETCATALOG_COMPILER_APPICON_NAME = AppIcon;
				INFOPLIST_FILE = CHTAlertViewDemo/Info.plist;
				IPHONEOS_DEPLOYMENT_TARGET = 8.0;
				LD_RUNPATH_SEARCH_PATHS = "$(inherited) @executable_path/Frameworks";
				PRODUCT_BUNDLE_IDENTIFIER = cht.CHTAlertViewDemo;
				PRODUCT_NAME = "$(TARGET_NAME)";
			};
			name = Release;
		};
/* End XCBuildConfiguration section */

/* Begin XCConfigurationList section */
		AEB83AC61E73A1CD00A74A76 /* Build configuration list for PBXProject "CHTAlertViewDemo" */ = {
			isa = XCConfigurationList;
			buildConfigurations = (
				AEB83AE01E73A1CD00A74A76 /* Debug */,
				AEB83AE11E73A1CD00A74A76 /* Release */,
			);
			defaultConfigurationIsVisible = 0;
			defaultConfigurationName = Release;
		};
		AEB83AE21E73A1CD00A74A76 /* Build configuration list for PBXNativeTarget "CHTAlertViewDemo" */ = {
			isa = XCConfigurationList;
			buildConfigurations = (
				AEB83AE31E73A1CD00A74A76 /* Debug */,
				AEB83AE41E73A1CD00A74A76 /* Release */,
			);
			defaultConfigurationIsVisible = 0;
			defaultConfigurationName = Release;
		};
/* End XCConfigurationList section */
	};
	rootObject = AEB83AC31E73A1CD00A74A76 /* Project object */;
}
